
Microsoft Visual Studio Solution File, Format Version 12.00
# Visual Studio Version 17
VisualStudioVersion = 17.12.35728.132
MinimumVisualStudioVersion = 10.0.40219.1
Project("{FAE04EC0-301F-11D3-BF4B-00C04F79EFBC}") = "EBISX_POS.API", "..\EBISX_POS.API\EBISX_POS.API.csproj", "{94AE9847-7B39-4B74-B597-E91D3247F28E}"
EndProject
Project("{FAE04EC0-301F-11D3-BF4B-00C04F79EFBC}") = "EBISX_POS", "EBISX_POS.csproj", "{538D7464-AFE4-41BC-BBAA-E994F3BBB718}"
EndProject
Global
	GlobalSection(SolutionConfigurationPlatforms) = preSolution
		Debug|Any CPU = Debug|Any CPU
		Release|Any CPU = Release|Any CPU
	EndGlobalSection
	GlobalSection(ProjectConfigurationPlatforms) = postSolution
		{94AE9847-7B39-4B74-B597-E91D3247F28E}.Debug|Any CPU.ActiveCfg = Debug|Any CPU
		{94AE9847-7B39-4B74-B597-E91D3247F28E}.Debug|Any CPU.Build.0 = Debug|Any CPU
		{94AE9847-7B39-4B74-B597-E91D3247F28E}.Release|Any CPU.ActiveCfg = Release|Any CPU
		{94AE9847-7B39-4B74-B597-E91D3247F28E}.Release|Any CPU.Build.0 = Release|Any CPU
		{538D7464-AFE4-41BC-BBAA-E994F3BBB718}.Debug|Any CPU.ActiveCfg = Debug|Any CPU
		{538D7464-AFE4-41BC-BBAA-E994F3BBB718}.Debug|Any CPU.Build.0 = Debug|Any CPU
		{538D7464-AFE4-41BC-BBAA-E994F3BBB718}.Release|Any CPU.ActiveCfg = Release|Any CPU
		{538D7464-AFE4-41BC-BBAA-E994F3BBB718}.Release|Any CPU.Build.0 = Release|Any CPU
	EndGlobalSection
	GlobalSection(SolutionProperties) = preSolution
		HideSolutionNode = FALSE
	EndGlobalSection
	GlobalSection(ExtensibilityGlobals) = postSolution
		SolutionGuid = {B0C64394-6F25-4E90-B30C-03D9BB3BA8E3}
	EndGlobalSection
EndGlobal
